
Microsoft Visual Studio Solution File, Format Version 12.00
# Visual Studio 15
VisualStudioVersion = 15.0.26730.12
MinimumVisualStudioVersion = 10.0.40219.1
Project("{8BC9CEB8-8B4A-11D0-8D11-00A0C91BC942}") = "Projekt1", "Projekt1\Projekt1.vcxproj", "{F8B7C540-406B-469E-9B5D-C4E5C6097CFB}"
EndProject
Global
	GlobalSection(SolutionConfigurationPlatforms) = preSolution
		Debug|x64 = Debug|x64
		Debug|x86 = Debug|x86
		Release|x64 = Release|x64
		Release|x86 = Release|x86
	EndGlobalSection
	GlobalSection(ProjectConfigurationPlatforms) = postSolution
		{F8B7C540-406B-469E-9B5D-C4E5C6097CFB}.Debug|x64.ActiveCfg = Debug|x64
		{F8B7C540-406B-469E-9B5D-C4E5C6097CFB}.Debug|x64.Build.0 = Debug|x64
		{F8B7C540-406B-469E-9B5D-C4E5C6097CFB}.Debug|x86.ActiveCfg = Debug|Win32
		{F8B7C540-406B-469E-9B5D-C4E5C6097CFB}.Debug|x86.Build.0 = Debug|Win32
		{F8B7C540-406B-469E-9B5D-C4E5C6097CFB}.Release|x64.ActiveCfg = Release|x64
		{F8B7C540-406B-469E-9B5D-C4E5C6097CFB}.Release|x64.Build.0 = Release|x64
		{F8B7C540-406B-469E-9B5D-C4E5C6097CFB}.Release|x86.ActiveCfg = Release|Win32
		{F8B7C540-406B-469E-9B5D-C4E5C6097CFB}.Release|x86.Build.0 = Release|Win32
	EndGlobalSection
	GlobalSection(SolutionProperties) = preSolution
		HideSolutionNode = FALSE
	EndGlobalSection
	GlobalSection(ExtensibilityGlobals) = postSolution
		SolutionGuid = {B14CF2E7-5D30-405B-B12D-BE8961407188}
	EndGlobalSection
EndGlobal
